
Microsoft Visual Studio Solution File, Format Version 12.00
# Visual Studio 15
VisualStudioVersion = 15.0.26730.16
MinimumVisualStudioVersion = 10.0.40219.1
Project("{FAE04EC0-301F-11D3-BF4B-00C04F79EFBC}") = "BiblioTechProject", "BiblioTechProject\BiblioTechProject.csproj", "{87485286-47EC-454E-A8B7-0AB48D289CF9}"
EndProject
Project("{FAE04EC0-301F-11D3-BF4B-00C04F79EFBC}") = "BLL", "BLL\BLL.csproj", "{298BB840-FFC2-4B59-8F0C-35F8314BFFC5}"
EndProject
Project("{FAE04EC0-301F-11D3-BF4B-00C04F79EFBC}") = "DAL", "DAL\DAL.csproj", "{7AAE3E91-5149-4CFA-838B-398E9AB147CD}"
EndProject
Project("{FAE04EC0-301F-11D3-BF4B-00C04F79EFBC}") = "Entidades", "Entidades\Entidades.csproj", "{AE61C2E9-601D-4D03-B25E-0BD9966EEEA4}"
EndProject
Project("{FAE04EC0-301F-11D3-BF4B-00C04F79EFBC}") = "BiblioTechWeb", "BiblioTechWeb\BiblioTechWeb.csproj", "{319D0C3D-1A18-4116-83D4-927553AA2AA8}"
	ProjectSection(ProjectDependencies) = postProject
		{298BB840-FFC2-4B59-8F0C-35F8314BFFC5} = {298BB840-FFC2-4B59-8F0C-35F8314BFFC5}
		{87485286-47EC-454E-A8B7-0AB48D289CF9} = {87485286-47EC-454E-A8B7-0AB48D289CF9}
		{AE61C2E9-601D-4D03-B25E-0BD9966EEEA4} = {AE61C2E9-601D-4D03-B25E-0BD9966EEEA4}
	EndProjectSection
EndProject
Project("{FAE04EC0-301F-11D3-BF4B-00C04F79EFBC}") = "BiblioTechUnitTestProject", "BiblioTechUnitTestProject\BiblioTechUnitTestProject.csproj", "{B5095890-7361-4BA9-8D0A-A5472C355A07}"
EndProject
Global
	GlobalSection(SolutionConfigurationPlatforms) = preSolution
		Debug|Any CPU = Debug|Any CPU
		Release|Any CPU = Release|Any CPU
	EndGlobalSection
	GlobalSection(ProjectConfigurationPlatforms) = postSolution
		{87485286-47EC-454E-A8B7-0AB48D289CF9}.Debug|Any CPU.ActiveCfg = Debug|Any CPU
		{87485286-47EC-454E-A8B7-0AB48D289CF9}.Debug|Any CPU.Build.0 = Debug|Any CPU
		{87485286-47EC-454E-A8B7-0AB48D289CF9}.Release|Any CPU.ActiveCfg = Release|Any CPU
		{87485286-47EC-454E-A8B7-0AB48D289CF9}.Release|Any CPU.Build.0 = Release|Any CPU
		{298BB840-FFC2-4B59-8F0C-35F8314BFFC5}.Debug|Any CPU.ActiveCfg = Debug|Any CPU
		{298BB840-FFC2-4B59-8F0C-35F8314BFFC5}.Debug|Any CPU.Build.0 = Debug|Any CPU
		{298BB840-FFC2-4B59-8F0C-35F8314BFFC5}.Release|Any CPU.ActiveCfg = Release|Any CPU
		{298BB840-FFC2-4B59-8F0C-35F8314BFFC5}.Release|Any CPU.Build.0 = Release|Any CPU
		{7AAE3E91-5149-4CFA-838B-398E9AB147CD}.Debug|Any CPU.ActiveCfg = Debug|Any CPU
		{7AAE3E91-5149-4CFA-838B-398E9AB147CD}.Debug|Any CPU.Build.0 = Debug|Any CPU
		{7AAE3E91-5149-4CFA-838B-398E9AB147CD}.Release|Any CPU.ActiveCfg = Release|Any CPU
		{7AAE3E91-5149-4CFA-838B-398E9AB147CD}.Release|Any CPU.Build.0 = Release|Any CPU
		{AE61C2E9-601D-4D03-B25E-0BD9966EEEA4}.Debug|Any CPU.ActiveCfg = Debug|Any CPU
		{AE61C2E9-601D-4D03-B25E-0BD9966EEEA4}.Debug|Any CPU.Build.0 = Debug|Any CPU
		{AE61C2E9-601D-4D03-B25E-0BD9966EEEA4}.Release|Any CPU.ActiveCfg = Release|Any CPU
		{AE61C2E9-601D-4D03-B25E-0BD9966EEEA4}.Release|Any CPU.Build.0 = Release|Any CPU
		{319D0C3D-1A18-4116-83D4-927553AA2AA8}.Debug|Any CPU.ActiveCfg = Debug|Any CPU
		{319D0C3D-1A18-4116-83D4-927553AA2AA8}.Debug|Any CPU.Build.0 = Debug|Any CPU
		{319D0C3D-1A18-4116-83D4-927553AA2AA8}.Release|Any CPU.ActiveCfg = Release|Any CPU
		{319D0C3D-1A18-4116-83D4-927553AA2AA8}.Release|Any CPU.Build.0 = Release|Any CPU
		{B5095890-7361-4BA9-8D0A-A5472C355A07}.Debug|Any CPU.ActiveCfg = Debug|Any CPU
		{B5095890-7361-4BA9-8D0A-A5472C355A07}.Debug|Any CPU.Build.0 = Debug|Any CPU
		{B5095890-7361-4BA9-8D0A-A5472C355A07}.Release|Any CPU.ActiveCfg = Release|Any CPU
		{B5095890-7361-4BA9-8D0A-A5472C355A07}.Release|Any CPU.Build.0 = Release|Any CPU
	EndGlobalSection
	GlobalSection(SolutionProperties) = preSolution
		HideSolutionNode = FALSE
	EndGlobalSection
	GlobalSection(ExtensibilityGlobals) = postSolution
		SolutionGuid = {F85C6071-584E-4407-AC12-02965F2E0143}
	EndGlobalSection
EndGlobal
